
Microsoft Visual Studio Solution File, Format Version 12.00
# Visual Studio Version 17
VisualStudioVersion = 17.4.33213.308
MinimumVisualStudioVersion = 10.0.40219.1
Project("{FAE04EC0-301F-11D3-BF4B-00C04F79EFBC}") = "CollaborationApp", "CollaborationApp.csproj", "{35197565-746A-47BD-A2FC-75C06130989C}"
EndProject
Global
	GlobalSection(SolutionConfigurationPlatforms) = preSolution
		Debug|Any CPU = Debug|Any CPU
		Release|Any CPU = Release|Any CPU
	EndGlobalSection
	GlobalSection(ProjectConfigurationPlatforms) = postSolution
		{35197565-746A-47BD-A2FC-75C06130989C}.Debug|Any CPU.ActiveCfg = Debug|Any CPU
		{35197565-746A-47BD-A2FC-75C06130989C}.Debug|Any CPU.Build.0 = Debug|Any CPU
		{35197565-746A-47BD-A2FC-75C06130989C}.Release|Any CPU.ActiveCfg = Release|Any CPU
		{35197565-746A-47BD-A2FC-75C06130989C}.Release|Any CPU.Build.0 = Release|Any CPU
	EndGlobalSection
	GlobalSection(SolutionProperties) = preSolution
		HideSolutionNode = FALSE
	EndGlobalSection
	GlobalSection(ExtensibilityGlobals) = postSolution
		SolutionGuid = {02ED04F9-5D83-4711-8A0D-043469D42A25}
	EndGlobalSection
EndGlobal
